
Microsoft Visual Studio Solution File, Format Version 12.00
# Visual Studio Version 17
VisualStudioVersion = 17.5.002.0
MinimumVisualStudioVersion = 10.0.40219.1
Project("{9A19103F-16F7-4668-BE54-9A1E7A4F7556}") = "QuenteFrio", "QuenteFrio.csproj", "{0ECC23CE-8D61-46CC-9B37-690AC9B7014E}"
EndProject
Global
	GlobalSection(SolutionConfigurationPlatforms) = preSolution
		Debug|Any CPU = Debug|Any CPU
		Release|Any CPU = Release|Any CPU
	EndGlobalSection
	GlobalSection(ProjectConfigurationPlatforms) = postSolution
		{0ECC23CE-8D61-46CC-9B37-690AC9B7014E}.Debug|Any CPU.ActiveCfg = Debug|Any CPU
		{0ECC23CE-8D61-46CC-9B37-690AC9B7014E}.Debug|Any CPU.Build.0 = Debug|Any CPU
		{0ECC23CE-8D61-46CC-9B37-690AC9B7014E}.Release|Any CPU.ActiveCfg = Release|Any CPU
		{0ECC23CE-8D61-46CC-9B37-690AC9B7014E}.Release|Any CPU.Build.0 = Release|Any CPU
	EndGlobalSection
	GlobalSection(SolutionProperties) = preSolution
		HideSolutionNode = FALSE
	EndGlobalSection
	GlobalSection(ExtensibilityGlobals) = postSolution
		SolutionGuid = {7035F171-0179-45C0-AFF6-A199F50E8EB4}
	EndGlobalSection
EndGlobal
